PODS:
  - desktop_drop (0.0.1):
    - FlutterMacOS
  - file_selector_macos (0.0.1):
    - FlutterMacOS
  - flutter_archive (0.0.1):
    - FlutterMacOS
    - ZIPFoundation (= 0.9.13)
  - FlutterMacOS (1.0.0)
  - path_provider_foundation (0.0.1):
    - Flutter
    - FlutterMacOS
  - ZIPFoundation (0.9.13)

DEPENDENCIES:
  - desktop_drop (from `Flutter/ephemeral/.symlinks/plugins/desktop_drop/macos`)
  - file_selector_macos (from `Flutter/ephemeral/.symlinks/plugins/file_selector_macos/macos`)
  - flutter_archive (from `Flutter/ephemeral/.symlinks/plugins/flutter_archive/macos`)
  - FlutterMacOS (from `Flutter/ephemeral`)
  - path_provider_foundation (from `Flutter/ephemeral/.symlinks/plugins/path_provider_foundation/darwin`)

SPEC REPOS:
  trunk:
    - ZIPFoundation

EXTERNAL SOURCES:
  desktop_drop:
    :path: Flutter/ephemeral/.symlinks/plugins/desktop_drop/macos
  file_selector_macos:
    :path: Flutter/ephemeral/.symlinks/plugins/file_selector_macos/macos
  flutter_archive:
    :path: Flutter/ephemeral/.symlinks/plugins/flutter_archive/macos
  FlutterMacOS:
    :path: Flutter/ephemeral
  path_provider_foundation:
    :path: Flutter/ephemeral/.symlinks/plugins/path_provider_foundation/darwin

SPEC CHECKSUMS:
  desktop_drop: 69eeff437544aa619c8db7f4481b3a65f7696898
  file_selector_macos: 468fb6b81fac7c0e88d71317f3eec34c3b008ff9
  flutter_archive: 1a28d55ba9013cf5f4513ae1bb6af118f787df96
  FlutterMacOS: 8f6f14fa908a6fb3fba0cd85dbd81ec4b251fb24
  path_provider_foundation: 3784922295ac71e43754bd15e0653ccfd36a147c
  ZIPFoundation: ae5b4b813d216d3bf0a148773267fff14bd51d37

PODFILE CHECKSUM: 236401fc2c932af29a9fcf0e97baeeb2d750d367

COCOAPODS: 1.15.2
